# This file is automatically @generated by Cargo.
# It is not intended for manual editing.
version = 4

[[package]]
name = "app"
version = "0.1.0"
dependencies = [
 "interfaces",
 "parser",
 "reader",
 "validator",
]

[[package]]
name = "interfaces"
version = "0.1.0"

[[package]]
name = "parser"
version = "0.1.0"
dependencies = [
 "interfaces",
]

[[package]]
name = "reader"
version = "0.1.0"
dependencies = [
 "interfaces",
]

[[package]]
name = "validator"
version = "0.1.0"
dependencies = [
 "interfaces",
]
